
Microsoft Visual Studio Solution File, Format Version 12.00
# Visual Studio Version 17
VisualStudioVersion = 17.8.34511.84
MinimumVisualStudioVersion = 10.0.40219.1
Project("{FAE04EC0-301F-11D3-BF4B-00C04F79EFBC}") = "Project_Management_System", "Project_Management_System.csproj", "{038424A3-B6C8-4A18-BDC6-0E5DF84C0C3F}"
EndProject
Global
	GlobalSection(SolutionConfigurationPlatforms) = preSolution
		Debug|Any CPU = Debug|Any CPU
		Release|Any CPU = Release|Any CPU
	EndGlobalSection
	GlobalSection(ProjectConfigurationPlatforms) = postSolution
		{038424A3-B6C8-4A18-BDC6-0E5DF84C0C3F}.Debug|Any CPU.ActiveCfg = Debug|Any CPU
		{038424A3-B6C8-4A18-BDC6-0E5DF84C0C3F}.Debug|Any CPU.Build.0 = Debug|Any CPU
		{038424A3-B6C8-4A18-BDC6-0E5DF84C0C3F}.Release|Any CPU.ActiveCfg = Release|Any CPU
		{038424A3-B6C8-4A18-BDC6-0E5DF84C0C3F}.Release|Any CPU.Build.0 = Release|Any CPU
	EndGlobalSection
	GlobalSection(SolutionProperties) = preSolution
		HideSolutionNode = FALSE
	EndGlobalSection
	GlobalSection(ExtensibilityGlobals) = postSolution
		SolutionGuid = {859A46E4-BAC4-4ED8-A53B-6CAA804BD824}
	EndGlobalSection
EndGlobal
